
Microsoft Visual Studio Solution File, Format Version 12.00
# Visual Studio Version 17
VisualStudioVersion = 17.1.32210.238
MinimumVisualStudioVersion = 10.0.40219.1
Project("{9A19103F-16F7-4668-BE54-9A1E7A4F7556}") = "C314.SmallerCSAppsBundle", "C314.SmallerCSAppsBundle\C314.SmallerCSAppsBundle.csproj", "{A92F8958-02C8-422D-A3BE-90D8F312AE8E}"
EndProject
Project("{9A19103F-16F7-4668-BE54-9A1E7A4F7556}") = "C314.SmallerCSAppsBundle.ProjOne", "C314.SmallerCSAppsBundle.ProjOne\C314.SmallerCSAppsBundle.ProjOne.csproj", "{5DF8474C-04CA-4AAB-93E5-E676641B1BC2}"
EndProject
Global
	GlobalSection(SolutionConfigurationPlatforms) = preSolution
		Debug|Any CPU = Debug|Any CPU
		Release|Any CPU = Release|Any CPU
	EndGlobalSection
	GlobalSection(ProjectConfigurationPlatforms) = postSolution
		{A92F8958-02C8-422D-A3BE-90D8F312AE8E}.Debug|Any CPU.ActiveCfg = Debug|Any CPU
		{A92F8958-02C8-422D-A3BE-90D8F312AE8E}.Debug|Any CPU.Build.0 = Debug|Any CPU
		{A92F8958-02C8-422D-A3BE-90D8F312AE8E}.Release|Any CPU.ActiveCfg = Release|Any CPU
		{A92F8958-02C8-422D-A3BE-90D8F312AE8E}.Release|Any CPU.Build.0 = Release|Any CPU
		{5DF8474C-04CA-4AAB-93E5-E676641B1BC2}.Debug|Any CPU.ActiveCfg = Debug|Any CPU
		{5DF8474C-04CA-4AAB-93E5-E676641B1BC2}.Debug|Any CPU.Build.0 = Debug|Any CPU
		{5DF8474C-04CA-4AAB-93E5-E676641B1BC2}.Release|Any CPU.ActiveCfg = Release|Any CPU
		{5DF8474C-04CA-4AAB-93E5-E676641B1BC2}.Release|Any CPU.Build.0 = Release|Any CPU
	EndGlobalSection
	GlobalSection(SolutionProperties) = preSolution
		HideSolutionNode = FALSE
	EndGlobalSection
	GlobalSection(ExtensibilityGlobals) = postSolution
		SolutionGuid = {3F9C0067-F0CB-48F7-8FB3-5D4F26A06CBF}
	EndGlobalSection
EndGlobal
